
Microsoft Visual Studio Solution File, Format Version 12.00
# Visual Studio 15
Project("{FAE04EC0-301F-11D3-BF4B-00C04F79EFBC}") = "Shared", "Shared\Shared.csproj", "{584FA181-2849-47F6-BA64-B255591ABDE5}"
EndProject
Project("{FAE04EC0-301F-11D3-BF4B-00C04F79EFBC}") = "macOS", "macOS\macOS.csproj", "{52EF41AC-1276-447A-9D00-89D4858B7F30}"
EndProject
Project("{FAE04EC0-301F-11D3-BF4B-00C04F79EFBC}") = "MultiPlatform", "MultiPlatform\MultiPlatform.csproj", "{A872CAAC-7F24-4F41-AC8C-0A4C25F94EFD}"
EndProject
Project("{FAE04EC0-301F-11D3-BF4B-00C04F79EFBC}") = "macOS_Cocoa", "macOS_Cocoa\macOS_Cocoa.csproj", "{1130E254-18A8-4518-8C58-9DBF4A74DA07}"
EndProject
Global
	GlobalSection(SolutionConfigurationPlatforms) = preSolution
		Debug|anycpu = Debug|anycpu
		Release|anycpu = Release|anycpu
	EndGlobalSection
	GlobalSection(ProjectConfigurationPlatforms) = postSolution
		{584FA181-2849-47F6-BA64-B255591ABDE5}.Debug|anycpu.ActiveCfg = Debug|Any CPU
		{584FA181-2849-47F6-BA64-B255591ABDE5}.Debug|anycpu.Build.0 = Debug|Any CPU
		{584FA181-2849-47F6-BA64-B255591ABDE5}.Release|anycpu.ActiveCfg = Release|Any CPU
		{584FA181-2849-47F6-BA64-B255591ABDE5}.Release|anycpu.Build.0 = Release|Any CPU
		{52EF41AC-1276-447A-9D00-89D4858B7F30}.Debug|anycpu.ActiveCfg = Debug|anycpu
		{52EF41AC-1276-447A-9D00-89D4858B7F30}.Debug|anycpu.Build.0 = Debug|anycpu
		{52EF41AC-1276-447A-9D00-89D4858B7F30}.Release|anycpu.ActiveCfg = Release|anycpu
		{52EF41AC-1276-447A-9D00-89D4858B7F30}.Release|anycpu.Build.0 = Release|anycpu
		{A872CAAC-7F24-4F41-AC8C-0A4C25F94EFD}.Debug|anycpu.ActiveCfg = Debug|anycpu
		{A872CAAC-7F24-4F41-AC8C-0A4C25F94EFD}.Debug|anycpu.Build.0 = Debug|anycpu
		{A872CAAC-7F24-4F41-AC8C-0A4C25F94EFD}.Release|anycpu.ActiveCfg = Release|anycpu
		{A872CAAC-7F24-4F41-AC8C-0A4C25F94EFD}.Release|anycpu.Build.0 = Release|anycpu
		{1130E254-18A8-4518-8C58-9DBF4A74DA07}.Debug|anycpu.ActiveCfg = Debug|Any CPU
		{1130E254-18A8-4518-8C58-9DBF4A74DA07}.Debug|anycpu.Build.0 = Debug|Any CPU
		{1130E254-18A8-4518-8C58-9DBF4A74DA07}.Release|anycpu.ActiveCfg = Release|Any CPU
		{1130E254-18A8-4518-8C58-9DBF4A74DA07}.Release|anycpu.Build.0 = Release|Any CPU
	EndGlobalSection
EndGlobal
